
Microsoft Visual Studio Solution File, Format Version 12.00
# Visual Studio Version 16
VisualStudioVersion = 16.0.30011.22
MinimumVisualStudioVersion = 10.0.40219.1
Project("{9A19103F-16F7-4668-BE54-9A1E7A4F7556}") = "LDT1", "LDT1.csproj", "{6E182FE8-1500-4B74-BB0F-8A47BAB6475B}"
EndProject
Global
	GlobalSection(SolutionConfigurationPlatforms) = preSolution
		Debug|Any CPU = Debug|Any CPU
		Release|Any CPU = Release|Any CPU
	EndGlobalSection
	GlobalSection(ProjectConfigurationPlatforms) = postSolution
		{6E182FE8-1500-4B74-BB0F-8A47BAB6475B}.Debug|Any CPU.ActiveCfg = Debug|Any CPU
		{6E182FE8-1500-4B74-BB0F-8A47BAB6475B}.Debug|Any CPU.Build.0 = Debug|Any CPU
		{6E182FE8-1500-4B74-BB0F-8A47BAB6475B}.Release|Any CPU.ActiveCfg = Release|Any CPU
		{6E182FE8-1500-4B74-BB0F-8A47BAB6475B}.Release|Any CPU.Build.0 = Release|Any CPU
	EndGlobalSection
	GlobalSection(SolutionProperties) = preSolution
		HideSolutionNode = FALSE
	EndGlobalSection
	GlobalSection(ExtensibilityGlobals) = postSolution
		SolutionGuid = {BDC3D785-C8A6-440F-A6AC-563CCA2B4A03}
	EndGlobalSection
EndGlobal
